
Microsoft Visual Studio Solution File, Format Version 12.00
# Visual Studio 15
Project("{FAE04EC0-301F-11D3-BF4B-00C04F79EFBC}") = "DefendTheGarden", "DefendTheGarden.csproj", "{6145F5B9-77AC-0610-58B4-0DE3C83F5013}"
EndProject
Global
	GlobalSection(SolutionConfigurationPlatforms) = preSolution
		Debug|Any CPU = Debug|Any CPU
		Release|Any CPU = Release|Any CPU
	EndGlobalSection
	GlobalSection(ProjectConfigurationPlatforms) = postSolution
		{6145F5B9-77AC-0610-58B4-0DE3C83F5013}.Debug|Any CPU.ActiveCfg = Debug|Any CPU
		{6145F5B9-77AC-0610-58B4-0DE3C83F5013}.Debug|Any CPU.Build.0 = Debug|Any CPU
		{6145F5B9-77AC-0610-58B4-0DE3C83F5013}.Release|Any CPU.ActiveCfg = Release|Any CPU
		{6145F5B9-77AC-0610-58B4-0DE3C83F5013}.Release|Any CPU.Build.0 = Release|Any CPU
	EndGlobalSection
	GlobalSection(SolutionProperties) = preSolution
		HideSolutionNode = FALSE
	EndGlobalSection
EndGlobal
